
Microsoft Visual Studio Solution File, Format Version 12.00
# Visual Studio Version 17
VisualStudioVersion = 17.14.36915.13 d17.14
MinimumVisualStudioVersion = 10.0.40219.1
Project("{FAE04EC0-301F-11D3-BF4B-00C04F79EFBC}") = "Module2ConsoleCalculator", "Module2ConsoleCalculator\Module2ConsoleCalculator.csproj", "{00CCD849-6426-4DF9-973D-749BD833FC4A}"
EndProject
Global
	GlobalSection(SolutionConfigurationPlatforms) = preSolution
		Debug|Any CPU = Debug|Any CPU
		Release|Any CPU = Release|Any CPU
	EndGlobalSection
	GlobalSection(ProjectConfigurationPlatforms) = postSolution
		{00CCD849-6426-4DF9-973D-749BD833FC4A}.Debug|Any CPU.ActiveCfg = Debug|Any CPU
		{00CCD849-6426-4DF9-973D-749BD833FC4A}.Debug|Any CPU.Build.0 = Debug|Any CPU
		{00CCD849-6426-4DF9-973D-749BD833FC4A}.Release|Any CPU.ActiveCfg = Release|Any CPU
		{00CCD849-6426-4DF9-973D-749BD833FC4A}.Release|Any CPU.Build.0 = Release|Any CPU
	EndGlobalSection
	GlobalSection(SolutionProperties) = preSolution
		HideSolutionNode = FALSE
	EndGlobalSection
	GlobalSection(ExtensibilityGlobals) = postSolution
		SolutionGuid = {1CC26192-5BD1-4AC2-AAE4-B2DB20F698ED}
	EndGlobalSection
EndGlobal
